
Microsoft Visual Studio Solution File, Format Version 12.00
# Visual Studio Version 17
VisualStudioVersion = 17.12.35514.174 d17.12
MinimumVisualStudioVersion = 10.0.40219.1
Project("{FAE04EC0-301F-11D3-BF4B-00C04F79EFBC}") = "Challenge Lab 6_1", "Challenge Lab 6_1.csproj", "{8D2FFA37-C3D2-481D-AB25-C6F516F9B26A}"
EndProject
Global
	GlobalSection(SolutionConfigurationPlatforms) = preSolution
		Debug|Any CPU = Debug|Any CPU
		Release|Any CPU = Release|Any CPU
	EndGlobalSection
	GlobalSection(ProjectConfigurationPlatforms) = postSolution
		{8D2FFA37-C3D2-481D-AB25-C6F516F9B26A}.Debug|Any CPU.ActiveCfg = Debug|Any CPU
		{8D2FFA37-C3D2-481D-AB25-C6F516F9B26A}.Debug|Any CPU.Build.0 = Debug|Any CPU
		{8D2FFA37-C3D2-481D-AB25-C6F516F9B26A}.Release|Any CPU.ActiveCfg = Release|Any CPU
		{8D2FFA37-C3D2-481D-AB25-C6F516F9B26A}.Release|Any CPU.Build.0 = Release|Any CPU
	EndGlobalSection
	GlobalSection(SolutionProperties) = preSolution
		HideSolutionNode = FALSE
	EndGlobalSection
EndGlobal
